# Exact, fully-resolved dependency pins for reproducible runs.
#
# Provenance: resolved by installing requirements.txt into a clean
# python:3.11-slim image (Python 3.11.15) on 2026-06-29 and capturing
# `pip freeze`. These are the versions used for the archived release;
# use this file (not requirements.txt) to reproduce published results.
#
# Regenerate with:
#   docker run --rm -v "$PWD/requirements.txt:/tmp/requirements.txt:ro" \
#     python:3.11-slim bash -c \
#     'pip install -q -r /tmp/requirements.txt && pip freeze' > requirements.lock
#
# requirements.txt keeps human-readable direct dependencies with floors;
# this lock captures the full transitive closure at exact versions.
contourpy==1.3.3
cycler==0.12.1
et_xmlfile==2.0.0
fonttools==4.63.0
joblib==1.5.3
kiwisolver==1.5.0
matplotlib==3.11.0
narwhals==2.22.1
numpy==2.4.6
openpyxl==3.1.5
packaging==26.2
pandas==3.0.3
patsy==1.0.2
pillow==12.2.0
pyparsing==3.3.2
python-dateutil==2.9.0.post0
scikit-learn==1.9.0
scipy==1.17.1
seaborn==0.13.2
six==1.17.0
statsmodels==0.14.6
threadpoolctl==3.6.0
